github.com/greenstatic/openspalib v0.0.0-20180817150052-aad547cd6537 h1:+jzHi6Pf2x/xaXPM1qPTkZVCKlA2q5EKCnfXTYVNQjg=
github.com/greenstatic/openspalib v0.0.0-20180817150052-aad547cd6537/go.mod h1:g3Jc92G0x52gnJGH4tBZbs9qIwUtAFrcicGAdTPAjkY=
github.com/pkg/errors v0.9.1 h1:FEBLx1zS214owpjy7qsBeixbURkuhQAwrK5UwLGTwt4=
github.com/pkg/errors v0.9.1/go.mod h1:bwawxfHBFNV+L2hUp1rHADufV3IMtnDRdf1r5NINEl0=
